// !$*UTF8*$!
{
	archiveVersion = 1;
	classes = {
	};
	objectVersion = 46;
	objects = {

/* Begin PBXBuildFile section */
		EDF9A7751B2694750010F5A6 /* AppDelegate.swift in Sources */ = {isa = PBXBuildFile; fileRef = EDF9A7741B2694750010F5A6 /* AppDelegate.swift */; };
		EDF9A7771B2694750010F5A6 /* ViewController.swift in Sources */ = {isa = PBXBuildFile; fileRef = EDF9A7761B2694750010F5A6 /* ViewController.swift */; };
		EDF9A77A1B2694750010F5A6 /* Main.storyboard in Resources */ = {isa = PBXBuildFile; fileRef = EDF9A7781B2694750010F5A6 /* Main.storyboard */; };
		EDF9A77C1B2694750010F5A6 /* Images.xcassets in Resources */ = {isa = PBXBuildFile; fileRef = EDF9A77B1B2694750010F5A6 /* Images.xcassets */; };
		EDF9A77F1B2694750010F5A6 /* LaunchScreen.xib in Resources */ = {isa = PBXBuildFile; fileRef = EDF9A77D1B2694750010F5A6 /* LaunchScreen.xib */; };
		EDF9A78B1B2694750010F5A6 /* MCManagerTests.swift in Sources */ = {isa = PBXBuildFile; fileRef = EDF9A78A1B2694750010F5A6 /* MCManagerTests.swift */; };
		EDF9A7951B2694C00010F5A6 /* MCBroadcast.swift in Sources */ = {isa = PBXBuildFile; fileRef = EDF9A7941B2694C00010F5A6 /* MCBroadcast.swift */; };
		EDF9A7971B26A0E10010F5A6 /* MCObject.swift in Sources */ = {isa = PBXBuildFile; fileRef = EDF9A7961B26A0E10010F5A6 /* MCObject.swift */; };
/* End PBXBuildFile section */

/* Begin PBXContainerItemProxy section */
		EDF9A7851B2694750010F5A6 /* PBXContainerItemProxy */ = {
			isa = PBXContainerItemProxy;
			containerPortal = EDF9A7671B2694750010F5A6 /* Project object */;
			proxyType = 1;
			remoteGlobalIDString = EDF9A76E1B2694750010F5A6;
			remoteInfo = MCManager;
		};
/* End PBXContainerItemProxy section */

/* Begin PBXFileReference section */
		EDF9A76F1B2694750010F5A6 /* MCManager.app */ = {isa = PBXFileReference; explicitFileType = wrapper.application; includeInIndex = 0; path = MCManager.app; sourceTree = BUILT_PRODUCTS_DIR; };
		EDF9A7731B2694750010F5A6 /* Info.plist */ = {isa = PBXFileReference; lastKnownFileType = text.plist.xml; path = Info.plist; sourceTree = "<group>"; };
		EDF9A7741B2694750010F5A6 /* AppDelegate.swift */ = {isa = PBXFileReference; lastKnownFileType = sourcecode.swift; path = AppDelegate.swift; sourceTree = "<group>"; };
		EDF9A7761B2694750010F5A6 /* ViewController.swift */ = {isa = PBXFileReference; lastKnownFileType = sourcecode.swift; path = ViewController.swift; sourceTree = "<group>"; };
		EDF9A7791B2694750010F5A6 /* Base */ = {isa = PBXFileReference; lastKnownFileType = file.storyboard; name = Base; path = Base.lproj/Main.storyboard; sourceTree = "<group>"; };
		EDF9A77B1B2694750010F5A6 /* Images.xcassets */ = {isa = PBXFileReference; lastKnownFileType = folder.assetcatalog; path = Images.xcassets; sourceTree = "<group>"; };
		EDF9A77E1B2694750010F5A6 /* Base */ = {isa = PBXFileReference; lastKnownFileType = file.xib; name = Base; path = Base.lproj/LaunchScreen.xib; sourceTree = "<group>"; };
		EDF9A7841B2694750010F5A6 /* MCManagerTests.xctest */ = {isa = PBXFileReference; explicitFileType = wrapper.cfbundle; includeInIndex = 0; path = MCManagerTests.xctest; sourceTree = BUILT_PRODUCTS_DIR; };
		EDF9A7891B2694750010F5A6 /* Info.plist */ = {isa = PBXFileReference; lastKnownFileType = text.plist.xml; path = Info.plist; sourceTree = "<group>"; };
		EDF9A78A1B2694750010F5A6 /* MCManagerTests.swift */ = {isa = PBXFileReference; lastKnownFileType = sourcecode.swift; path = MCManagerTests.swift; sourceTree = "<group>"; };
		EDF9A7941B2694C00010F5A6 /* MCBroadcast.swift */ = {isa = PBXFileReference; fileEncoding = 4; lastKnownFileType = sourcecode.swift; name = MCBroadcast.swift; path = MCBroadcast/MCBroadcast.swift; sourceTree = "<group>"; };
		EDF9A7961B26A0E10010F5A6 /* MCObject.swift */ = {isa = PBXFileReference; fileEncoding = 4; lastKnownFileType = sourcecode.swift; name = MCObject.swift; path = MCBroadcast/MCObject.swift; sourceTree = "<group>"; };
/* End PBXFileReference section */

/* Begin PBXFrameworksBuildPhase section */
		EDF9A76C1B2694750010F5A6 /* Frameworks */ = {
			isa = PBXFrameworksBuildPhase;
			buildActionMask = 2147483647;
			files = (
			);
			runOnlyForDeploymentPostprocessing = 0;
		};
		EDF9A7811B2694750010F5A6 /* Frameworks */ = {
			isa = PBXFrameworksBuildPhase;
			buildActionMask = 2147483647;
			files = (
			);
			runOnlyForDeploymentPostprocessing = 0;
		};
/* End PBXFrameworksBuildPhase section */

/* Begin PBXGroup section */
		EDF9A7661B2694750010F5A6 = {
			isa = PBXGroup;
			children = (
				EDF9A7711B2694750010F5A6 /* MCManager */,
				EDF9A7871B2694750010F5A6 /* MCManagerTests */,
				EDF9A7701B2694750010F5A6 /* Products */,
			);
			sourceTree = "<group>";
		};
		EDF9A7701B2694750010F5A6 /* Products */ = {
			isa = PBXGroup;
			children = (
				EDF9A76F1B2694750010F5A6 /* MCManager.app */,
				EDF9A7841B2694750010F5A6 /* MCManagerTests.xctest */,
			);
			name = Products;
			sourceTree = "<group>";
		};
		EDF9A7711B2694750010F5A6 /* MCManager */ = {
			isa = PBXGroup;
			children = (
				EDF9A7741B2694750010F5A6 /* AppDelegate.swift */,
				EDF9A7761B2694750010F5A6 /* ViewController.swift */,
				EDF9A7781B2694750010F5A6 /* Main.storyboard */,
				EDF9A77B1B2694750010F5A6 /* Images.xcassets */,
				EDF9A77D1B2694750010F5A6 /* LaunchScreen.xib */,
				EDF9A7941B2694C00010F5A6 /* MCBroadcast.swift */,
				EDF9A7961B26A0E10010F5A6 /* MCObject.swift */,
				EDF9A7721B2694750010F5A6 /* Supporting Files */,
			);
			path = MCManager;
			sourceTree = "<group>";
		};
		EDF9A7721B2694750010F5A6 /* Supporting Files */ = {
			isa = PBXGroup;
			children = (
				EDF9A7731B2694750010F5A6 /* Info.plist */,
			);
			name = "Supporting Files";
			sourceTree = "<group>";
		};
		EDF9A7871B2694750010F5A6 /* MCManagerTests */ = {
			isa = PBXGroup;
			children = (
				EDF9A78A1B2694750010F5A6 /* MCManagerTests.swift */,
				EDF9A7881B2694750010F5A6 /* Supporting Files */,
			);
			path = MCManagerTests;
			sourceTree = "<group>";
		};
		EDF9A7881B2694750010F5A6 /* Supporting Files */ = {
			isa = PBXGroup;
			children = (
				EDF9A7891B2694750010F5A6 /* Info.plist */,
			);
			name = "Supporting Files";
			sourceTree = "<group>";
		};
/* End PBXGroup section */

/* Begin PBXNativeTarget section */
		EDF9A76E1B2694750010F5A6 /* MCManager */ = {
			isa = PBXNativeTarget;
			buildConfigurationList = EDF9A78E1B2694750010F5A6 /* Build configuration list for PBXNativeTarget "MCManager" */;
			buildPhases = (
				EDF9A76B1B2694750010F5A6 /* Sources */,
				EDF9A76C1B2694750010F5A6 /* Frameworks */,
				EDF9A76D1B2694750010F5A6 /* Resources */,
			);
			buildRules = (
			);
			dependencies = (
			);
			name = MCManager;
			productName = MCManager;
			productReference = EDF9A76F1B2694750010F5A6 /* MCManager.app */;
			productType = "com.apple.product-type.application";
		};
		EDF9A7831B2694750010F5A6 /* MCManagerTests */ = {
			isa = PBXNativeTarget;
			buildConfigurationList = EDF9A7911B2694750010F5A6 /* Build configuration list for PBXNativeTarget "MCManagerTests" */;
			buildPhases = (
				EDF9A7801B2694750010F5A6 /* Sources */,
				EDF9A7811B2694750010F5A6 /* Frameworks */,
				EDF9A7821B2694750010F5A6 /* Resources */,
			);
			buildRules = (
			);
			dependencies = (
				EDF9A7861B2694750010F5A6 /* PBXTargetDependency */,
			);
			name = MCManagerTests;
			productName = MCManagerTests;
			productReference = EDF9A7841B2694750010F5A6 /* MCManagerTests.xctest */;
			productType = "com.apple.product-type.bundle.unit-test";
		};
/* End PBXNativeTarget section */

/* Begin PBXProject section */
		EDF9A7671B2694750010F5A6 /* Project object */ = {
			isa = PBXProject;
			attributes = {
				LastUpgradeCheck = 0630;
				ORGANIZATIONNAME = "Fernando Reynoso";
				TargetAttributes = {
					EDF9A76E1B2694750010F5A6 = {
						CreatedOnToolsVersion = 6.3.2;
						DevelopmentTeam = 9BJ4A6Z4R2;
					};
					EDF9A7831B2694750010F5A6 = {
						CreatedOnToolsVersion = 6.3.2;
						TestTargetID = EDF9A76E1B2694750010F5A6;
					};
				};
			};
			buildConfigurationList = EDF9A76A1B2694750010F5A6 /* Build configuration list for PBXProject "MCManager" */;
			compatibilityVersion = "Xcode 3.2";
			developmentRegion = English;
			hasScannedForEncodings = 0;
			knownRegions = (
				en,
				Base,
			);
			mainGroup = EDF9A7661B2694750010F5A6;
			productRefGroup = EDF9A7701B2694750010F5A6 /* Products */;
			projectDirPath = "";
			projectRoot = "";
			targets = (
				EDF9A76E1B2694750010F5A6 /* MCManager */,
				EDF9A7831B2694750010F5A6 /* MCManagerTests */,
			);
		};
/* End PBXProject section */

/* Begin PBXResourcesBuildPhase section */
		EDF9A76D1B2694750010F5A6 /* Resources */ = {
			isa = PBXResourcesBuildPhase;
			buildActionMask = 2147483647;
			files = (
				EDF9A77A1B2694750010F5A6 /* Main.storyboard in Resources */,
				EDF9A77F1B2694750010F5A6 /* LaunchScreen.xib in Resources */,
				EDF9A77C1B2694750010F5A6 /* Images.xcassets in Resources */,
			);
			runOnlyForDeploymentPostprocessing = 0;
		};
		EDF9A7821B2694750010F5A6 /* Resources */ = {
			isa = PBXResourcesBuildPhase;
			buildActionMask = 2147483647;
			files = (
			);
			runOnlyForDeploymentPostprocessing = 0;
		};
/* End PBXResourcesBuildPhase section */

/* Begin PBXSourcesBuildPhase section */
		EDF9A76B1B2694750010F5A6 /* Sources */ = {
			isa = PBXSourcesBuildPhase;
			buildActionMask = 2147483647;
			files = (
				EDF9A7971B26A0E10010F5A6 /* MCObject.swift in Sources */,
				EDF9A7771B2694750010F5A6 /* ViewController.swift in Sources */,
				EDF9A7751B2694750010F5A6 /* AppDelegate.swift in Sources */,
				EDF9A7951B2694C00010F5A6 /* MCBroadcast.swift in Sources */,
			);
			runOnlyForDeploymentPostprocessing = 0;
		};
		EDF9A7801B2694750010F5A6 /* Sources */ = {
			isa = PBXSourcesBuildPhase;
			buildActionMask = 2147483647;
			files = (
				EDF9A78B1B2694750010F5A6 /* MCManagerTests.swift in Sources */,
			);
			runOnlyForDeploymentPostprocessing = 0;
		};
/* End PBXSourcesBuildPhase section */

/* Begin PBXTargetDependency section */
		EDF9A7861B2694750010F5A6 /* PBXTargetDependency */ = {
			isa = PBXTargetDependency;
			target = EDF9A76E1B2694750010F5A6 /* MCManager */;
			targetProxy = EDF9A7851B2694750010F5A6 /* PBXContainerItemProxy */;
		};
/* End PBXTargetDependency section */

/* Begin PBXVariantGroup section */
		EDF9A7781B2694750010F5A6 /* Main.storyboard */ = {
			isa = PBXVariantGroup;
			children = (
				EDF9A7791B2694750010F5A6 /* Base */,
			);
			name = Main.storyboard;
			sourceTree = "<group>";
		};
		EDF9A77D1B2694750010F5A6 /* LaunchScreen.xib */ = {
			isa = PBXVariantGroup;
			children = (
				EDF9A77E1B2694750010F5A6 /* Base */,
			);
			name = LaunchScreen.xib;
			sourceTree = "<group>";
		};
/* End PBXVariantGroup section */

/* Begin XCBuildConfiguration section */
		EDF9A78C1B2694750010F5A6 /* Debug */ = {
			isa = XCBuildConfiguration;
			buildSettings = {
				ALWAYS_SEARCH_USER_PATHS = NO;
				CLANG_CXX_LANGUAGE_STANDARD = "gnu++0x";
				CLANG_CXX_LIBRARY = "libc++";
				CLANG_ENABLE_MODULES = YES;
				CLANG_ENABLE_OBJC_ARC = YES;
				CLANG_WARN_BOOL_CONVERSION = YES;
				CLANG_WARN_CONSTANT_CONVERSION = YES;
				CLANG_WARN_DIRECT_OBJC_ISA_USAGE = YES_ERROR;
				CLANG_WARN_EMPTY_BODY = YES;
				CLANG_WARN_ENUM_CONVERSION = YES;
				CLANG_WARN_INT_CONVERSION = YES;
				CLANG_WARN_OBJC_ROOT_CLASS = YES_ERROR;
				CLANG_WARN_UNREACHABLE_CODE = YES;
				CLANG_WARN__DUPLICATE_METHOD_MATCH = YES;
				"CODE_SIGN_IDENTITY[sdk=iphoneos*]" = "iPhone Developer";
				COPY_PHASE_STRIP = NO;
				DEBUG_INFORMATION_FORMAT = "dwarf-with-dsym";
				ENABLE_STRICT_OBJC_MSGSEND = YES;
				GCC_C_LANGUAGE_STANDARD = gnu99;
				GCC_DYNAMIC_NO_PIC = NO;
				GCC_NO_COMMON_BLOCKS = YES;
				GCC_OPTIMIZATION_LEVEL = 0;
				GCC_PREPROCESSOR_DEFINITIONS = (
					"DEBUG=1",
					"$(inherited)",
				);
				GCC_SYMBOLS_PRIVATE_EXTERN = NO;
				GCC_WARN_64_TO_32_BIT_CONVERSION = YES;
				GCC_WARN_ABOUT_RETURN_TYPE = YES_ERROR;
				GCC_WARN_UNDECLARED_SELECTOR = YES;
				GCC_WARN_UNINITIALIZED_AUTOS = YES_AGGRESSIVE;
				GCC_WARN_UNUSED_FUNCTION = YES;
				GCC_WARN_UNUSED_VARIABLE = YES;
				IPHONEOS_DEPLOYMENT_TARGET = 8.3;
				MTL_ENABLE_DEBUG_INFO = YES;
				ONLY_ACTIVE_ARCH = YES;
				SDKROOT = iphoneos;
				SWIFT_OPTIMIZATION_LEVEL = "-Onone";
			};
			name = Debug;
		};
		EDF9A78D1B2694750010F5A6 /* Release */ = {
			isa = XCBuildConfiguration;
			buildSettings = {
				ALWAYS_SEARCH_USER_PATHS = NO;
				CLANG_CXX_LANGUAGE_STANDARD = "gnu++0x";
				CLANG_CXX_LIBRARY = "libc++";
				CLANG_ENABLE_MODULES = YES;
				CLANG_ENABLE_OBJC_ARC = YES;
				CLANG_WARN_BOOL_CONVERSION = YES;
				CLANG_WARN_CONSTANT_CONVERSION = YES;
				CLANG_WARN_DIRECT_OBJC_ISA_USAGE = YES_ERROR;
				CLANG_WARN_EMPTY_BODY = YES;
				CLANG_WARN_ENUM_CONVERSION = YES;
				CLANG_WARN_INT_CONVERSION = YES;
				CLANG_WARN_OBJC_ROOT_CLASS = YES_ERROR;
				CLANG_WARN_UNREACHABLE_CODE = YES;
				CLANG_WARN__DUPLICATE_METHOD_MATCH = YES;
				"CODE_SIGN_IDENTITY[sdk=iphoneos*]" = "iPhone Developer";
				COPY_PHASE_STRIP = NO;
				DEBUG_INFORMATION_FORMAT = "dwarf-with-dsym";
				ENABLE_NS_ASSERTIONS = NO;
				ENABLE_STRICT_OBJC_MSGSEND = YES;
				GCC_C_LANGUAGE_STANDARD = gnu99;
				GCC_NO_COMMON_BLOCKS = YES;
				GCC_WARN_64_TO_32_BIT_CONVERSION = YES;
				GCC_WARN_ABOUT_RETURN_TYPE = YES_ERROR;
				GCC_WARN_UNDECLARED_SELECTOR = YES;
				GCC_WARN_UNINITIALIZED_AUTOS = YES_AGGRESSIVE;
				GCC_WARN_UNUSED_FUNCTION = YES;
				GCC_WARN_UNUSED_VARIABLE = YES;
				IPHONEOS_DEPLOYMENT_TARGET = 8.3;
				MTL_ENABLE_DEBUG_INFO = NO;
				SDKROOT = iphoneos;
				VALIDATE_PRODUCT = YES;
			};
			name = Release;
		};
		EDF9A78F1B2694750010F5A6 /* Debug */ = {
			isa = XCBuildConfiguration;
			buildSettings = {
				ASSETCATALOG_COMPILER_APPICON_NAME = AppIcon;
				CODE_SIGN_IDENTITY = "iPhone Developer";
				INFOPLIST_FILE = MCManager/Info.plist;
				LD_RUNPATH_SEARCH_PATHS = "$(inherited) @executable_path/Frameworks";
				PRODUCT_NAME = "$(TARGET_NAME)";
			};
			name = Debug;
		};
		EDF9A7901B2694750010F5A6 /* Release */ = {
			isa = XCBuildConfiguration;
			buildSettings = {
				ASSETCATALOG_COMPILER_APPICON_NAME = AppIcon;
				CODE_SIGN_IDENTITY = "iPhone Developer";
				INFOPLIST_FILE = MCManager/Info.plist;
				LD_RUNPATH_SEARCH_PATHS = "$(inherited) @executable_path/Frameworks";
				PRODUCT_NAME = "$(TARGET_NAME)";
			};
			name = Release;
		};
		EDF9A7921B2694750010F5A6 /* Debug */ = {
			isa = XCBuildConfiguration;
			buildSettings = {
				BUNDLE_LOADER = "$(TEST_HOST)";
				FRAMEWORK_SEARCH_PATHS = (
					"$(SDKROOT)/Developer/Library/Frameworks",
					"$(inherited)",
				);
				GCC_PREPROCESSOR_DEFINITIONS = (
					"DEBUG=1",
					"$(inherited)",
				);
				INFOPLIST_FILE = MCManagerTests/Info.plist;
				LD_RUNPATH_SEARCH_PATHS = "$(inherited) @executable_path/Frameworks @loader_path/Frameworks";
				PRODUCT_NAME = "$(TARGET_NAME)";
				TEST_HOST = "$(BUILT_PRODUCTS_DIR)/MCManager.app/MCManager";
			};
			name = Debug;
		};
		EDF9A7931B2694750010F5A6 /* Release */ = {
			isa = XCBuildConfiguration;
			buildSettings = {
				BUNDLE_LOADER = "$(TEST_HOST)";
				FRAMEWORK_SEARCH_PATHS = (
					"$(SDKROOT)/Developer/Library/Frameworks",
					"$(inherited)",
				);
				INFOPLIST_FILE = MCManagerTests/Info.plist;
				LD_RUNPATH_SEARCH_PATHS = "$(inherited) @executable_path/Frameworks @loader_path/Frameworks";
				PRODUCT_NAME = "$(TARGET_NAME)";
				TEST_HOST = "$(BUILT_PRODUCTS_DIR)/MCManager.app/MCManager";
			};
			name = Release;
		};
/* End XCBuildConfiguration section */

/* Begin XCConfigurationList section */
		EDF9A76A1B2694750010F5A6 /* Build configuration list for PBXProject "MCManager" */ = {
			isa = XCConfigurationList;
			buildConfigurations = (
				EDF9A78C1B2694750010F5A6 /* Debug */,
				EDF9A78D1B2694750010F5A6 /* Release */,
			);
			defaultConfigurationIsVisible = 0;
			defaultConfigurationName = Release;
		};
		EDF9A78E1B2694750010F5A6 /* Build configuration list for PBXNativeTarget "MCManager" */ = {
			isa = XCConfigurationList;
			buildConfigurations = (
				EDF9A78F1B2694750010F5A6 /* Debug */,
				EDF9A7901B2694750010F5A6 /* Release */,
			);
			defaultConfigurationIsVisible = 0;
			defaultConfigurationName = Release;
		};
		EDF9A7911B2694750010F5A6 /* Build configuration list for PBXNativeTarget "MCManagerTests" */ = {
			isa = XCConfigurationList;
			buildConfigurations = (
				EDF9A7921B2694750010F5A6 /* Debug */,
				EDF9A7931B2694750010F5A6 /* Release */,
			);
			defaultConfigurationIsVisible = 0;
			defaultConfigurationName = Release;
		};
/* End XCConfigurationList section */
	};
	rootObject = EDF9A7671B2694750010F5A6 /* Project object */;
}
